
Microsoft Visual Studio Solution File, Format Version 12.00
# Visual Studio Version 17
VisualStudioVersion = 17.6.33723.286
MinimumVisualStudioVersion = 10.0.40219.1
Project("{FAE04EC0-301F-11D3-BF4B-00C04F79EFBC}") = "Introduccion4", "Introduccion4\Introduccion4.csproj", "{6B14C1CD-D1FF-4ADC-9514-2E99B7333714}"
EndProject
Global
	GlobalSection(SolutionConfigurationPlatforms) = preSolution
		Debug|Any CPU = Debug|Any CPU
		Release|Any CPU = Release|Any CPU
	EndGlobalSection
	GlobalSection(ProjectConfigurationPlatforms) = postSolution
		{6B14C1CD-D1FF-4ADC-9514-2E99B7333714}.Debug|Any CPU.ActiveCfg = Debug|Any CPU
		{6B14C1CD-D1FF-4ADC-9514-2E99B7333714}.Debug|Any CPU.Build.0 = Debug|Any CPU
		{6B14C1CD-D1FF-4ADC-9514-2E99B7333714}.Release|Any CPU.ActiveCfg = Release|Any CPU
		{6B14C1CD-D1FF-4ADC-9514-2E99B7333714}.Release|Any CPU.Build.0 = Release|Any CPU
	EndGlobalSection
	GlobalSection(SolutionProperties) = preSolution
		HideSolutionNode = FALSE
	EndGlobalSection
	GlobalSection(ExtensibilityGlobals) = postSolution
		SolutionGuid = {2349708D-4BAC-4A91-A939-23AAC16A0E03}
	EndGlobalSection
EndGlobal
